
Microsoft Visual Studio Solution File, Format Version 12.00
# Visual Studio Version 17
VisualStudioVersion = 17.8.34316.72
MinimumVisualStudioVersion = 10.0.40219.1
Project("{FAE04EC0-301F-11D3-BF4B-00C04F79EFBC}") = "WebApi_Funcionarios", "WebApi_Funcionarios\WebApi_Funcionarios.csproj", "{845DA7C7-F121-4043-B991-0DE0CD6F6D40}"
EndProject
Global
	GlobalSection(SolutionConfigurationPlatforms) = preSolution
		Debug|Any CPU = Debug|Any CPU
		Release|Any CPU = Release|Any CPU
	EndGlobalSection
	GlobalSection(ProjectConfigurationPlatforms) = postSolution
		{845DA7C7-F121-4043-B991-0DE0CD6F6D40}.Debug|Any CPU.ActiveCfg = Debug|Any CPU
		{845DA7C7-F121-4043-B991-0DE0CD6F6D40}.Debug|Any CPU.Build.0 = Debug|Any CPU
		{845DA7C7-F121-4043-B991-0DE0CD6F6D40}.Release|Any CPU.ActiveCfg = Release|Any CPU
		{845DA7C7-F121-4043-B991-0DE0CD6F6D40}.Release|Any CPU.Build.0 = Release|Any CPU
	EndGlobalSection
	GlobalSection(SolutionProperties) = preSolution
		HideSolutionNode = FALSE
	EndGlobalSection
	GlobalSection(ExtensibilityGlobals) = postSolution
		SolutionGuid = {A70ADD62-25E7-4183-ACF1-B7DD35DAB63D}
	EndGlobalSection
EndGlobal
